
Microsoft Visual Studio Solution File, Format Version 12.00
# Visual Studio Version 17
VisualStudioVersion = 17.14.36414.22 d17.14
MinimumVisualStudioVersion = 10.0.40219.1
Project("{FAE04EC0-301F-11D3-BF4B-00C04F79EFBC}") = "RumusSamuel1", "RumusSamuel1\RumusSamuel1.csproj", "{E42E30B9-FEA9-46E7-8D6A-14E60A64912B}"
EndProject
Global
	GlobalSection(SolutionConfigurationPlatforms) = preSolution
		Debug|Any CPU = Debug|Any CPU
		Release|Any CPU = Release|Any CPU
	EndGlobalSection
	GlobalSection(ProjectConfigurationPlatforms) = postSolution
		{E42E30B9-FEA9-46E7-8D6A-14E60A64912B}.Debug|Any CPU.ActiveCfg = Debug|Any CPU
		{E42E30B9-FEA9-46E7-8D6A-14E60A64912B}.Debug|Any CPU.Build.0 = Debug|Any CPU
		{E42E30B9-FEA9-46E7-8D6A-14E60A64912B}.Release|Any CPU.ActiveCfg = Release|Any CPU
		{E42E30B9-FEA9-46E7-8D6A-14E60A64912B}.Release|Any CPU.Build.0 = Release|Any CPU
	EndGlobalSection
	GlobalSection(SolutionProperties) = preSolution
		HideSolutionNode = FALSE
	EndGlobalSection
	GlobalSection(ExtensibilityGlobals) = postSolution
		SolutionGuid = {0CC045F6-92DD-448D-80A4-92529BD963FD}
	EndGlobalSection
EndGlobal
